// !$*UTF8*$!
{
	archiveVersion = 1;
	classes = {
	};
	objectVersion = 50;
	objects = {

/* Begin PBXBuildFile section */
		B57959EE214120310019A85A /* MBProgressHUD+Extension.swift in Sources */ = {isa = PBXBuildFile; fileRef = B57959ED214120310019A85A /* MBProgressHUD+Extension.swift */; };
		B57959F2214127E80019A85A /* JRToast.m in Sources */ = {isa = PBXBuildFile; fileRef = B57959F0214127E80019A85A /* JRToast.m */; };
		B57959F421412FD10019A85A /* HYNetworkStateManager.swift in Sources */ = {isa = PBXBuildFile; fileRef = B57959F321412FD10019A85A /* HYNetworkStateManager.swift */; };
		B57959F621420FA90019A85A /* Reachability.swift in Sources */ = {isa = PBXBuildFile; fileRef = B57959F521420FA80019A85A /* Reachability.swift */; };
		B57959F82142565E0019A85A /* HYAppStoreApp.swift in Sources */ = {isa = PBXBuildFile; fileRef = B57959F72142565E0019A85A /* HYAppStoreApp.swift */; };
		B596AACC213E539700C238EE /* Assets.xcassets in Resources */ = {isa = PBXBuildFile; fileRef = B596AACB213E539700C238EE /* Assets.xcassets */; };
		B596AB12213E543900C238EE /* Const.swift in Sources */ = {isa = PBXBuildFile; fileRef = B596AAD8213E543800C238EE /* Const.swift */; };
		B596AB13213E543900C238EE /* WebApi.swift in Sources */ = {isa = PBXBuildFile; fileRef = B596AAD9213E543800C238EE /* WebApi.swift */; };
		B596AB14213E543900C238EE /* NSArray+HYBUnicodeReadable.m in Sources */ = {isa = PBXBuildFile; fileRef = B596AADD213E543800C238EE /* NSArray+HYBUnicodeReadable.m */; };
		B596AB15213E543900C238EE /* NSDictionary+HYBUnicodeReadable.m in Sources */ = {isa = PBXBuildFile; fileRef = B596AADE213E543800C238EE /* NSDictionary+HYBUnicodeReadable.m */; };
		B596AB16213E543900C238EE /* NSSet+HYBUnicodeReadable.m in Sources */ = {isa = PBXBuildFile; fileRef = B596AADF213E543800C238EE /* NSSet+HYBUnicodeReadable.m */; };
		B596AB17213E543900C238EE /* Foundation+Log.m in Sources */ = {isa = PBXBuildFile; fileRef = B596AAE4213E543800C238EE /* Foundation+Log.m */; };
		B596AB18213E543900C238EE /* ColorExtension.swift in Sources */ = {isa = PBXBuildFile; fileRef = B596AAE6213E543800C238EE /* ColorExtension.swift */; };
		B596AB19213E543900C238EE /* API_Provider.swift in Sources */ = {isa = PBXBuildFile; fileRef = B596AAE8213E543800C238EE /* API_Provider.swift */; };
		B596AB1A213E543900C238EE /* HttpRequest.swift in Sources */ = {isa = PBXBuildFile; fileRef = B596AAE9213E543800C238EE /* HttpRequest.swift */; };
		B596AB1B213E543900C238EE /* data.plist in Resources */ = {isa = PBXBuildFile; fileRef = B596AAEA213E543800C238EE /* data.plist */; };
		B596AB1C213E543900C238EE /* HYBaseTableView.swift in Sources */ = {isa = PBXBuildFile; fileRef = B596AAF0213E543900C238EE /* HYBaseTableView.swift */; };
		B596AB1D213E543900C238EE /* HYBaseViewController.swift in Sources */ = {isa = PBXBuildFile; fileRef = B596AAF2213E543900C238EE /* HYBaseViewController.swift */; };
		B596AB1E213E543900C238EE /* HYTabBarController.swift in Sources */ = {isa = PBXBuildFile; fileRef = B596AAF3213E543900C238EE /* HYTabBarController.swift */; };
		B596AB1F213E543900C238EE /* HYBaseWebViewController.swift in Sources */ = {isa = PBXBuildFile; fileRef = B596AAF4213E543900C238EE /* HYBaseWebViewController.swift */; };
		B596AB20213E543900C238EE /* HYBaseTableViewController.swift in Sources */ = {isa = PBXBuildFile; fileRef = B596AAF5213E543900C238EE /* HYBaseTableViewController.swift */; };
		B596AB21213E543900C238EE /* HYBaseNavController.swift in Sources */ = {isa = PBXBuildFile; fileRef = B596AAF6213E543900C238EE /* HYBaseNavController.swift */; };
		B596AB22213E543900C238EE /* HYBaseModel.swift in Sources */ = {isa = PBXBuildFile; fileRef = B596AAF8213E543900C238EE /* HYBaseModel.swift */; };
		B596AB23213E543900C238EE /* HYHomeViewController.swift in Sources */ = {isa = PBXBuildFile; fileRef = B596AAFD213E543900C238EE /* HYHomeViewController.swift */; };
		B596AB24213E543900C238EE /* HYHomeRecommendVC.swift in Sources */ = {isa = PBXBuildFile; fileRef = B596AAFE213E543900C238EE /* HYHomeRecommendVC.swift */; };
		B596AB25213E543900C238EE /* HYVideoViewController.swift in Sources */ = {isa = PBXBuildFile; fileRef = B596AB03213E543900C238EE /* HYVideoViewController.swift */; };
		B596AB26213E543900C238EE /* HYLoginViewController.swift in Sources */ = {isa = PBXBuildFile; fileRef = B596AB08213E543900C238EE /* HYLoginViewController.swift */; };
		B596AB27213E543900C238EE /* HYMineViewController.swift in Sources */ = {isa = PBXBuildFile; fileRef = B596AB09213E543900C238EE /* HYMineViewController.swift */; };
		B596AB28213E543900C238EE /* HYUserModel.swift in Sources */ = {isa = PBXBuildFile; fileRef = B596AB0B213E543900C238EE /* HYUserModel.swift */; };
		B596AB2A213E543900C238EE /* HYLoginView.swift in Sources */ = {isa = PBXBuildFile; fileRef = B596AB0E213E543900C238EE /* HYLoginView.swift */; };
		B596AB2B213E543900C238EE /* AppDelegate.swift in Sources */ = {isa = PBXBuildFile; fileRef = B596AB10213E543900C238EE /* AppDelegate.swift */; };
		B596AB2C213E543900C238EE /* Info.plist in Resources */ = {isa = PBXBuildFile; fileRef = B596AB11213E543900C238EE /* Info.plist */; };
		B596AB5A213E746800C238EE /* HYHomeNetworkTool.swift in Sources */ = {isa = PBXBuildFile; fileRef = B596AB59213E746800C238EE /* HYHomeNetworkTool.swift */; };
		B596AB5C213F684500C238EE /* HYHomeTitleModel.swift in Sources */ = {isa = PBXBuildFile; fileRef = B596AB5B213F684500C238EE /* HYHomeTitleModel.swift */; };
		B596AB5E213F6BF500C238EE /* HYHomeTableViewController.swift in Sources */ = {isa = PBXBuildFile; fileRef = B596AB5D213F6BF500C238EE /* HYHomeTableViewController.swift */; };
		B596AB62213F811700C238EE /* TTRefreshHeader.swift in Sources */ = {isa = PBXBuildFile; fileRef = B596AB61213F811700C238EE /* TTRefreshHeader.swift */; };
		B596AB69213FC4DB00C238EE /* UIView+Extension.swift in Sources */ = {isa = PBXBuildFile; fileRef = B596AB68213FC4DB00C238EE /* UIView+Extension.swift */; };
		B596AB6B213FC72600C238EE /* NSDate+Extension.swift in Sources */ = {isa = PBXBuildFile; fileRef = B596AB6A213FC72600C238EE /* NSDate+Extension.swift */; };
		B596AB6D213FD08500C238EE /* UIImageView+Extension.swift in Sources */ = {isa = PBXBuildFile; fileRef = B596AB6C213FD08500C238EE /* UIImageView+Extension.swift */; };
		B596AB6F2140C21700C238EE /* HYHomeTableViewCell.swift in Sources */ = {isa = PBXBuildFile; fileRef = B596AB6E2140C21700C238EE /* HYHomeTableViewCell.swift */; };
		B596AB712140D28D00C238EE /* NewsModel.swift in Sources */ = {isa = PBXBuildFile; fileRef = B596AB702140D28D00C238EE /* NewsModel.swift */; };
		B596AB7321410BBE00C238EE /* HYNetworkModel.swift in Sources */ = {isa = PBXBuildFile; fileRef = B596AB7221410BBE00C238EE /* HYNetworkModel.swift */; };
		E306B4533CBF56B9BD41A605 /* Pods_SwiftProject.framework in Frameworks */ = {isa = PBXBuildFile; fileRef = 57063636C2041D94F073D1CE /* Pods_SwiftProject.framework */; };
/* End PBXBuildFile section */

/* Begin PBXFileReference section */
		57063636C2041D94F073D1CE /* Pods_SwiftProject.framework */ = {isa = PBXFileReference; explicitFileType = wrapper.framework; includeInIndex = 0; path = Pods_SwiftProject.framework; sourceTree = BUILT_PRODUCTS_DIR; };
		977BC7B3F445CD0C266D5177 /* Pods-SwiftProject.release.xcconfig */ = {isa = PBXFileReference; includeInIndex = 1; lastKnownFileType = text.xcconfig; name = "Pods-SwiftProject.release.xcconfig"; path = "Pods/Target Support Files/Pods-SwiftProject/Pods-SwiftProject.release.xcconfig"; sourceTree = "<group>"; };
		9AB9DA9CE8200EAE2BCDE3B1 /* Pods-SwiftProject.debug.xcconfig */ = {isa = PBXFileReference; includeInIndex = 1; lastKnownFileType = text.xcconfig; name = "Pods-SwiftProject.debug.xcconfig"; path = "Pods/Target Support Files/Pods-SwiftProject/Pods-SwiftProject.debug.xcconfig"; sourceTree = "<group>"; };
		B57959ED214120310019A85A /* MBProgressHUD+Extension.swift */ = {isa = PBXFileReference; lastKnownFileType = sourcecode.swift; path = "MBProgressHUD+Extension.swift"; sourceTree = "<group>"; };
		B57959F0214127E80019A85A /* JRToast.m */ = {isa = PBXFileReference; fileEncoding = 4; lastKnownFileType = sourcecode.c.objc; path = JRToast.m; sourceTree = "<group>"; };
		B57959F1214127E80019A85A /* JRToast.h */ = {isa = PBXFileReference; fileEncoding = 4; lastKnownFileType = sourcecode.c.h; path = JRToast.h; sourceTree = "<group>"; };
		B57959F321412FD10019A85A /* HYNetworkStateManager.swift */ = {isa = PBXFileReference; lastKnownFileType = sourcecode.swift; path = HYNetworkStateManager.swift; sourceTree = "<group>"; };
		B57959F521420FA80019A85A /* Reachability.swift */ = {isa = PBXFileReference; fileEncoding = 4; lastKnownFileType = sourcecode.swift; path = Reachability.swift; sourceTree = "<group>"; };
		B57959F72142565E0019A85A /* HYAppStoreApp.swift */ = {isa = PBXFileReference; lastKnownFileType = sourcecode.swift; path = HYAppStoreApp.swift; sourceTree = "<group>"; };
		B596AAC1213E539500C238EE /* SwiftProject.app */ = {isa = PBXFileReference; explicitFileType = wrapper.application; includeInIndex = 0; path = SwiftProject.app; sourceTree = BUILT_PRODUCTS_DIR; };
		B596AACB213E539700C238EE /* Assets.xcassets */ = {isa = PBXFileReference; lastKnownFileType = folder.assetcatalog; path = Assets.xcassets; sourceTree = "<group>"; };
		B596AAD8213E543800C238EE /* Const.swift */ = {isa = PBXFileReference; fileEncoding = 4; lastKnownFileType = sourcecode.swift; path = Const.swift; sourceTree = "<group>"; };
		B596AAD9213E543800C238EE /* WebApi.swift */ = {isa = PBXFileReference; fileEncoding = 4; lastKnownFileType = sourcecode.swift; path = WebApi.swift; sourceTree = "<group>"; };
		B596AADD213E543800C238EE /* NSArray+HYBUnicodeReadable.m */ = {isa = PBXFileReference; fileEncoding = 4; lastKnownFileType = sourcecode.c.objc; path = "NSArray+HYBUnicodeReadable.m"; sourceTree = "<group>"; };
		B596AADE213E543800C238EE /* NSDictionary+HYBUnicodeReadable.m */ = {isa = PBXFileReference; fileEncoding = 4; lastKnownFileType = sourcecode.c.objc; path = "NSDictionary+HYBUnicodeReadable.m"; sourceTree = "<group>"; };
		B596AADF213E543800C238EE /* NSSet+HYBUnicodeReadable.m */ = {isa = PBXFileReference; fileEncoding = 4; lastKnownFileType = sourcecode.c.objc; path = "NSSet+HYBUnicodeReadable.m"; sourceTree = "<group>"; };
		B596AAE0213E543800C238EE /* NSArray+HYBUnicodeReadable.h */ = {isa = PBXFileReference; fileEncoding = 4; lastKnownFileType = sourcecode.c.h; path = "NSArray+HYBUnicodeReadable.h"; sourceTree = "<group>"; };
		B596AAE1213E543800C238EE /* NSDictionary+HYBUnicodeReadable.h */ = {isa = PBXFileReference; fileEncoding = 4; lastKnownFileType = sourcecode.c.h; path = "NSDictionary+HYBUnicodeReadable.h"; sourceTree = "<group>"; };
		B596AAE2213E543800C238EE /* NSSet+HYBUnicodeReadable.h */ = {isa = PBXFileReference; fileEncoding = 4; lastKnownFileType = sourcecode.c.h; path = "NSSet+HYBUnicodeReadable.h"; sourceTree = "<group>"; };
		B596AAE4213E543800C238EE /* Foundation+Log.m */ = {isa = PBXFileReference; fileEncoding = 4; lastKnownFileType = sourcecode.c.objc; path = "Foundation+Log.m"; sourceTree = "<group>"; };
		B596AAE6213E543800C238EE /* ColorExtension.swift */ = {isa = PBXFileReference; fileEncoding = 4; lastKnownFileType = sourcecode.swift; path = ColorExtension.swift; sourceTree = "<group>"; };
		B596AAE8213E543800C238EE /* API_Provider.swift */ = {isa = PBXFileReference; fileEncoding = 4; lastKnownFileType = sourcecode.swift; path = API_Provider.swift; sourceTree = "<group>"; };
		B596AAE9213E543800C238EE /* HttpRequest.swift */ = {isa = PBXFileReference; fileEncoding = 4; lastKnownFileType = sourcecode.swift; path = HttpRequest.swift; sourceTree = "<group>"; };
		B596AAEA213E543800C238EE /* data.plist */ = {isa = PBXFileReference; fileEncoding = 4; lastKnownFileType = text.plist.xml; path = data.plist; sourceTree = "<group>"; };
		B596AAF0213E543900C238EE /* HYBaseTableView.swift */ = {isa = PBXFileReference; fileEncoding = 4; lastKnownFileType = sourcecode.swift; path = HYBaseTableView.swift; sourceTree = "<group>"; };
		B596AAF2213E543900C238EE /* HYBaseViewController.swift */ = {isa = PBXFileReference; fileEncoding = 4; lastKnownFileType = sourcecode.swift; path = HYBaseViewController.swift; sourceTree = "<group>"; };
		B596AAF3213E543900C238EE /* HYTabBarController.swift */ = {isa = PBXFileReference; fileEncoding = 4; lastKnownFileType = sourcecode.swift; path = HYTabBarController.swift; sourceTree = "<group>"; };
		B596AAF4213E543900C238EE /* HYBaseWebViewController.swift */ = {isa = PBXFileReference; fileEncoding = 4; lastKnownFileType = sourcecode.swift; path = HYBaseWebViewController.swift; sourceTree = "<group>"; };
		B596AAF5213E543900C238EE /* HYBaseTableViewController.swift */ = {isa = PBXFileReference; fileEncoding = 4; lastKnownFileType = sourcecode.swift; path = HYBaseTableViewController.swift; sourceTree = "<group>"; };
		B596AAF6213E543900C238EE /* HYBaseNavController.swift */ = {isa = PBXFileReference; fileEncoding = 4; lastKnownFileType = sourcecode.swift; path = HYBaseNavController.swift; sourceTree = "<group>"; };
		B596AAF8213E543900C238EE /* HYBaseModel.swift */ = {isa = PBXFileReference; fileEncoding = 4; lastKnownFileType = sourcecode.swift; path = HYBaseModel.swift; sourceTree = "<group>"; };
		B596AAFD213E543900C238EE /* HYHomeViewController.swift */ = {isa = PBXFileReference; fileEncoding = 4; lastKnownFileType = sourcecode.swift; path = HYHomeViewController.swift; sourceTree = "<group>"; };
		B596AAFE213E543900C238EE /* HYHomeRecommendVC.swift */ = {isa = PBXFileReference; fileEncoding = 4; lastKnownFileType = sourcecode.swift; path = HYHomeRecommendVC.swift; sourceTree = "<group>"; };
		B596AB03213E543900C238EE /* HYVideoViewController.swift */ = {isa = PBXFileReference; fileEncoding = 4; lastKnownFileType = sourcecode.swift; path = HYVideoViewController.swift; sourceTree = "<group>"; };
		B596AB08213E543900C238EE /* HYLoginViewController.swift */ = {isa = PBXFileReference; fileEncoding = 4; lastKnownFileType = sourcecode.swift; path = HYLoginViewController.swift; sourceTree = "<group>"; };
		B596AB09213E543900C238EE /* HYMineViewController.swift */ = {isa = PBXFileReference; fileEncoding = 4; lastKnownFileType = sourcecode.swift; path = HYMineViewController.swift; sourceTree = "<group>"; };
		B596AB0B213E543900C238EE /* HYUserModel.swift */ = {isa = PBXFileReference; fileEncoding = 4; lastKnownFileType = sourcecode.swift; path = HYUserModel.swift; sourceTree = "<group>"; };
		B596AB0E213E543900C238EE /* HYLoginView.swift */ = {isa = PBXFileReference; fileEncoding = 4; lastKnownFileType = sourcecode.swift; path = HYLoginView.swift; sourceTree = "<group>"; };
		B596AB10213E543900C238EE /* AppDelegate.swift */ = {isa = PBXFileReference; fileEncoding = 4; lastKnownFileType = sourcecode.swift; path = AppDelegate.swift; sourceTree = "<group>"; };
		B596AB11213E543900C238EE /* Info.plist */ = {isa = PBXFileReference; fileEncoding = 4; lastKnownFileType = text.plist.xml; path = Info.plist; sourceTree = "<group>"; };
		B596AB32213E66FD00C238EE /* SwiftProject-bridging-Header.h */ = {isa = PBXFileReference; lastKnownFileType = sourcecode.c.h; path = "SwiftProject-bridging-Header.h"; sourceTree = "<group>"; };
		B596AB59213E746800C238EE /* HYHomeNetworkTool.swift */ = {isa = PBXFileReference; lastKnownFileType = sourcecode.swift; path = HYHomeNetworkTool.swift; sourceTree = "<group>"; };
		B596AB5B213F684500C238EE /* HYHomeTitleModel.swift */ = {isa = PBXFileReference; fileEncoding = 4; lastKnownFileType = sourcecode.swift; path = HYHomeTitleModel.swift; sourceTree = "<group>"; };
		B596AB5D213F6BF500C238EE /* HYHomeTableViewController.swift */ = {isa = PBXFileReference; lastKnownFileType = sourcecode.swift; path = HYHomeTableViewController.swift; sourceTree = "<group>"; };
		B596AB61213F811700C238EE /* TTRefreshHeader.swift */ = {isa = PBXFileReference; lastKnownFileType = sourcecode.swift; path = TTRefreshHeader.swift; sourceTree = "<group>"; };
		B596AB68213FC4DB00C238EE /* UIView+Extension.swift */ = {isa = PBXFileReference; lastKnownFileType = sourcecode.swift; path = "UIView+Extension.swift"; sourceTree = "<group>"; };
		B596AB6A213FC72600C238EE /* NSDate+Extension.swift */ = {isa = PBXFileReference; lastKnownFileType = sourcecode.swift; path = "NSDate+Extension.swift"; sourceTree = "<group>"; };
		B596AB6C213FD08500C238EE /* UIImageView+Extension.swift */ = {isa = PBXFileReference; lastKnownFileType = sourcecode.swift; path = "UIImageView+Extension.swift"; sourceTree = "<group>"; };
		B596AB6E2140C21700C238EE /* HYHomeTableViewCell.swift */ = {isa = PBXFileReference; lastKnownFileType = sourcecode.swift; path = HYHomeTableViewCell.swift; sourceTree = "<group>"; };
		B596AB702140D28D00C238EE /* NewsModel.swift */ = {isa = PBXFileReference; lastKnownFileType = sourcecode.swift; path = NewsModel.swift; sourceTree = "<group>"; };
		B596AB7221410BBE00C238EE /* HYNetworkModel.swift */ = {isa = PBXFileReference; lastKnownFileType = sourcecode.swift; path = HYNetworkModel.swift; sourceTree = "<group>"; };
/* End PBXFileReference section */

/* Begin PBXFrameworksBuildPhase section */
		B596AABE213E539500C238EE /* Frameworks */ = {
			isa = PBXFrameworksBuildPhase;
			buildActionMask = 2147483647;
			files = (
				E306B4533CBF56B9BD41A605 /* Pods_SwiftProject.framework in Frameworks */,
			);
			runOnlyForDeploymentPostprocessing = 0;
		};
/* End PBXFrameworksBuildPhase section */

/* Begin PBXGroup section */
		39508B3848D0DB524952AB96 /* Frameworks */ = {
			isa = PBXGroup;
			children = (
				57063636C2041D94F073D1CE /* Pods_SwiftProject.framework */,
			);
			name = Frameworks;
			sourceTree = "<group>";
		};
		81A4E466930F8345C384BF39 /* Pods */ = {
			isa = PBXGroup;
			children = (
				9AB9DA9CE8200EAE2BCDE3B1 /* Pods-SwiftProject.debug.xcconfig */,
				977BC7B3F445CD0C266D5177 /* Pods-SwiftProject.release.xcconfig */,
			);
			name = Pods;
			sourceTree = "<group>";
		};
		B57959EF214127BA0019A85A /* OCTool */ = {
			isa = PBXGroup;
			children = (
				B57959F1214127E80019A85A /* JRToast.h */,
				B57959F0214127E80019A85A /* JRToast.m */,
			);
			path = OCTool;
			sourceTree = "<group>";
		};
		B596AAB8213E539500C238EE = {
			isa = PBXGroup;
			children = (
				B596AAC3213E539500C238EE /* SwiftProject */,
				B596AAC2213E539500C238EE /* Products */,
				81A4E466930F8345C384BF39 /* Pods */,
				39508B3848D0DB524952AB96 /* Frameworks */,
			);
			sourceTree = "<group>";
		};
		B596AAC2213E539500C238EE /* Products */ = {
			isa = PBXGroup;
			children = (
				B596AAC1213E539500C238EE /* SwiftProject.app */,
			);
			name = Products;
			sourceTree = "<group>";
		};
		B596AAC3213E539500C238EE /* SwiftProject */ = {
			isa = PBXGroup;
			children = (
				B596AAEE213E543900C238EE /* Base */,
				B596AAFA213E543900C238EE /* Module */,
				B596AADA213E543800C238EE /* Utils */,
				B596AAD6213E543800C238EE /* Config */,
				B596AB0F213E543900C238EE /* AppDelegate */,
				B596AACB213E539700C238EE /* Assets.xcassets */,
			);
			path = SwiftProject;
			sourceTree = "<group>";
		};
		B596AAD6213E543800C238EE /* Config */ = {
			isa = PBXGroup;
			children = (
				B596AAD8213E543800C238EE /* Const.swift */,
				B596AAD9213E543800C238EE /* WebApi.swift */,
				B596AB32213E66FD00C238EE /* SwiftProject-bridging-Header.h */,
			);
			path = Config;
			sourceTree = "<group>";
		};
		B596AADA213E543800C238EE /* Utils */ = {
			isa = PBXGroup;
			children = (
				B57959EF214127BA0019A85A /* OCTool */,
				B596AAE5213E543800C238EE /* Category */,
				B596AADB213E543800C238EE /* ChineseLog */,
				B596AAEB213E543800C238EE /* EmotionInputView */,
				B596AAE7213E543800C238EE /* NetWork */,
				B596AB60213F807B00C238EE /* Util */,
			);
			path = Utils;
			sourceTree = "<group>";
		};
		B596AADB213E543800C238EE /* ChineseLog */ = {
			isa = PBXGroup;
			children = (
				B596AADC213E543800C238EE /* HYBUnicodeReadable */,
				B596AAE3213E543800C238EE /* ShowChinese */,
			);
			path = ChineseLog;
			sourceTree = "<group>";
		};
		B596AADC213E543800C238EE /* HYBUnicodeReadable */ = {
			isa = PBXGroup;
			children = (
				B596AADD213E543800C238EE /* NSArray+HYBUnicodeReadable.m */,
				B596AADE213E543800C238EE /* NSDictionary+HYBUnicodeReadable.m */,
				B596AADF213E543800C238EE /* NSSet+HYBUnicodeReadable.m */,
				B596AAE0213E543800C238EE /* NSArray+HYBUnicodeReadable.h */,
				B596AAE1213E543800C238EE /* NSDictionary+HYBUnicodeReadable.h */,
				B596AAE2213E543800C238EE /* NSSet+HYBUnicodeReadable.h */,
			);
			path = HYBUnicodeReadable;
			sourceTree = "<group>";
		};
		B596AAE3213E543800C238EE /* ShowChinese */ = {
			isa = PBXGroup;
			children = (
				B596AAE4213E543800C238EE /* Foundation+Log.m */,
			);
			path = ShowChinese;
			sourceTree = "<group>";
		};
		B596AAE5213E543800C238EE /* Category */ = {
			isa = PBXGroup;
			children = (
				B596AAE6213E543800C238EE /* ColorExtension.swift */,
				B596AB68213FC4DB00C238EE /* UIView+Extension.swift */,
				B596AB6A213FC72600C238EE /* NSDate+Extension.swift */,
				B596AB6C213FD08500C238EE /* UIImageView+Extension.swift */,
				B57959ED214120310019A85A /* MBProgressHUD+Extension.swift */,
			);
			path = Category;
			sourceTree = "<group>";
		};
		B596AAE7213E543800C238EE /* NetWork */ = {
			isa = PBXGroup;
			children = (
				B57959F521420FA80019A85A /* Reachability.swift */,
				B596AAE8213E543800C238EE /* API_Provider.swift */,
				B596AAE9213E543800C238EE /* HttpRequest.swift */,
				B596AB59213E746800C238EE /* HYHomeNetworkTool.swift */,
				B596AAEA213E543800C238EE /* data.plist */,
			);
			path = NetWork;
			sourceTree = "<group>";
		};
		B596AAEB213E543800C238EE /* EmotionInputView */ = {
			isa = PBXGroup;
			children = (
				B596AAEC213E543900C238EE /* Model */,
				B596AAED213E543900C238EE /* View */,
			);
			path = EmotionInputView;
			sourceTree = "<group>";
		};
		B596AAEC213E543900C238EE /* Model */ = {
			isa = PBXGroup;
			children = (
			);
			path = Model;
			sourceTree = "<group>";
		};
		B596AAED213E543900C238EE /* View */ = {
			isa = PBXGroup;
			children = (
			);
			path = View;
			sourceTree = "<group>";
		};
		B596AAEE213E543900C238EE /* Base */ = {
			isa = PBXGroup;
			children = (
				B596AAEF213E543900C238EE /* BaseView */,
				B596AAF1213E543900C238EE /* BaseViewController */,
				B596AAF7213E543900C238EE /* BaseModel */,
				B596AAF9213E543900C238EE /* BaseComponent */,
			);
			path = Base;
			sourceTree = "<group>";
		};
		B596AAEF213E543900C238EE /* BaseView */ = {
			isa = PBXGroup;
			children = (
				B596AAF0213E543900C238EE /* HYBaseTableView.swift */,
			);
			path = BaseView;
			sourceTree = "<group>";
		};
		B596AAF1213E543900C238EE /* BaseViewController */ = {
			isa = PBXGroup;
			children = (
				B596AAF2213E543900C238EE /* HYBaseViewController.swift */,
				B596AAF3213E543900C238EE /* HYTabBarController.swift */,
				B596AAF4213E543900C238EE /* HYBaseWebViewController.swift */,
				B596AAF5213E543900C238EE /* HYBaseTableViewController.swift */,
				B596AAF6213E543900C238EE /* HYBaseNavController.swift */,
			);
			path = BaseViewController;
			sourceTree = "<group>";
		};
		B596AAF7213E543900C238EE /* BaseModel */ = {
			isa = PBXGroup;
			children = (
				B596AAF8213E543900C238EE /* HYBaseModel.swift */,
				B596AB7221410BBE00C238EE /* HYNetworkModel.swift */,
			);
			path = BaseModel;
			sourceTree = "<group>";
		};
		B596AAF9213E543900C238EE /* BaseComponent */ = {
			isa = PBXGroup;
			children = (
			);
			path = BaseComponent;
			sourceTree = "<group>";
		};
		B596AAFA213E543900C238EE /* Module */ = {
			isa = PBXGroup;
			children = (
				B596AAFB213E543900C238EE /* Home */,
				B596AB01213E543900C238EE /* Video */,
				B596AB06213E543900C238EE /* Mine */,
			);
			path = Module;
			sourceTree = "<group>";
		};
		B596AAFB213E543900C238EE /* Home */ = {
			isa = PBXGroup;
			children = (
				B596AAFC213E543900C238EE /* Controller */,
				B596AAFF213E543900C238EE /* Model */,
				B596AB00213E543900C238EE /* View */,
			);
			path = Home;
			sourceTree = "<group>";
		};
		B596AAFC213E543900C238EE /* Controller */ = {
			isa = PBXGroup;
			children = (
				B596AAFD213E543900C238EE /* HYHomeViewController.swift */,
				B596AB5D213F6BF500C238EE /* HYHomeTableViewController.swift */,
				B596AAFE213E543900C238EE /* HYHomeRecommendVC.swift */,
			);
			path = Controller;
			sourceTree = "<group>";
		};
		B596AAFF213E543900C238EE /* Model */ = {
			isa = PBXGroup;
			children = (
				B596AB5B213F684500C238EE /* HYHomeTitleModel.swift */,
				B596AB702140D28D00C238EE /* NewsModel.swift */,
			);
			path = Model;
			sourceTree = "<group>";
		};
		B596AB00213E543900C238EE /* View */ = {
			isa = PBXGroup;
			children = (
				B596AB6E2140C21700C238EE /* HYHomeTableViewCell.swift */,
			);
			path = View;
			sourceTree = "<group>";
		};
		B596AB01213E543900C238EE /* Video */ = {
			isa = PBXGroup;
			children = (
				B596AB02213E543900C238EE /* Controller */,
				B596AB04213E543900C238EE /* Model */,
				B596AB05213E543900C238EE /* View */,
			);
			path = Video;
			sourceTree = "<group>";
		};
		B596AB02213E543900C238EE /* Controller */ = {
			isa = PBXGroup;
			children = (
				B596AB03213E543900C238EE /* HYVideoViewController.swift */,
			);
			path = Controller;
			sourceTree = "<group>";
		};
		B596AB04213E543900C238EE /* Model */ = {
			isa = PBXGroup;
			children = (
			);
			path = Model;
			sourceTree = "<group>";
		};
		B596AB05213E543900C238EE /* View */ = {
			isa = PBXGroup;
			children = (
			);
			path = View;
			sourceTree = "<group>";
		};
		B596AB06213E543900C238EE /* Mine */ = {
			isa = PBXGroup;
			children = (
				B596AB07213E543900C238EE /* Controller */,
				B596AB0A213E543900C238EE /* Model */,
				B596AB0D213E543900C238EE /* View */,
			);
			path = Mine;
			sourceTree = "<group>";
		};
		B596AB07213E543900C238EE /* Controller */ = {
			isa = PBXGroup;
			children = (
				B596AB08213E543900C238EE /* HYLoginViewController.swift */,
				B596AB09213E543900C238EE /* HYMineViewController.swift */,
			);
			path = Controller;
			sourceTree = "<group>";
		};
		B596AB0A213E543900C238EE /* Model */ = {
			isa = PBXGroup;
			children = (
				B596AB0B213E543900C238EE /* HYUserModel.swift */,
			);
			path = Model;
			sourceTree = "<group>";
		};
		B596AB0D213E543900C238EE /* View */ = {
			isa = PBXGroup;
			children = (
				B596AB0E213E543900C238EE /* HYLoginView.swift */,
			);
			path = View;
			sourceTree = "<group>";
		};
		B596AB0F213E543900C238EE /* AppDelegate */ = {
			isa = PBXGroup;
			children = (
				B596AB10213E543900C238EE /* AppDelegate.swift */,
				B596AB11213E543900C238EE /* Info.plist */,
			);
			path = AppDelegate;
			sourceTree = "<group>";
		};
		B596AB60213F807B00C238EE /* Util */ = {
			isa = PBXGroup;
			children = (
				B596AB61213F811700C238EE /* TTRefreshHeader.swift */,
				B57959F72142565E0019A85A /* HYAppStoreApp.swift */,
				B57959F321412FD10019A85A /* HYNetworkStateManager.swift */,
			);
			path = Util;
			sourceTree = "<group>";
		};
/* End PBXGroup section */

/* Begin PBXNativeTarget section */
		B596AAC0213E539500C238EE /* SwiftProject */ = {
			isa = PBXNativeTarget;
			buildConfigurationList = B596AAD3213E539700C238EE /* Build configuration list for PBXNativeTarget "SwiftProject" */;
			buildPhases = (
				821610C346CCA88C04EC8102 /* [CP] Check Pods Manifest.lock */,
				B596AABD213E539500C238EE /* Sources */,
				B596AABE213E539500C238EE /* Frameworks */,
				B596AABF213E539500C238EE /* Resources */,
				7FF9C231358074E736D34206 /* [CP] Embed Pods Frameworks */,
			);
			buildRules = (
			);
			dependencies = (
			);
			name = SwiftProject;
			productName = SwiftProject;
			productReference = B596AAC1213E539500C238EE /* SwiftProject.app */;
			productType = "com.apple.product-type.application";
		};
/* End PBXNativeTarget section */

/* Begin PBXProject section */
		B596AAB9213E539500C238EE /* Project object */ = {
			isa = PBXProject;
			attributes = {
				CLASSPREFIX = HY;
				LastSwiftUpdateCheck = 0940;
				LastUpgradeCheck = 0940;
				ORGANIZATIONNAME = Duntech;
				TargetAttributes = {
					B596AAC0213E539500C238EE = {
						CreatedOnToolsVersion = 9.4;
					};
				};
			};
			buildConfigurationList = B596AABC213E539500C238EE /* Build configuration list for PBXProject "SwiftProject" */;
			compatibilityVersion = "Xcode 9.3";
			developmentRegion = en;
			hasScannedForEncodings = 0;
			knownRegions = (
				en,
				Base,
			);
			mainGroup = B596AAB8213E539500C238EE;
			productRefGroup = B596AAC2213E539500C238EE /* Products */;
			projectDirPath = "";
			projectRoot = "";
			targets = (
				B596AAC0213E539500C238EE /* SwiftProject */,
			);
		};
/* End PBXProject section */

/* Begin PBXResourcesBuildPhase section */
		B596AABF213E539500C238EE /* Resources */ = {
			isa = PBXResourcesBuildPhase;
			buildActionMask = 2147483647;
			files = (
				B596AB1B213E543900C238EE /* data.plist in Resources */,
				B596AACC213E539700C238EE /* Assets.xcassets in Resources */,
				B596AB2C213E543900C238EE /* Info.plist in Resources */,
			);
			runOnlyForDeploymentPostprocessing = 0;
		};
/* End PBXResourcesBuildPhase section */

/* Begin PBXShellScriptBuildPhase section */
		7FF9C231358074E736D34206 /* [CP] Embed Pods Frameworks */ = {
			isa = PBXShellScriptBuildPhase;
			buildActionMask = 2147483647;
			files = (
			);
			inputPaths = (
				"${SRCROOT}/Pods/Target Support Files/Pods-SwiftProject/Pods-SwiftProject-frameworks.sh",
				"${BUILT_PRODUCTS_DIR}/Alamofire/Alamofire.framework",
				"${BUILT_PRODUCTS_DIR}/HandyJSON/HandyJSON.framework",
				"${BUILT_PRODUCTS_DIR}/Kingfisher/Kingfisher.framework",
				"${BUILT_PRODUCTS_DIR}/MBProgressHUD/MBProgressHUD.framework",
				"${BUILT_PRODUCTS_DIR}/MJRefresh/MJRefresh.framework",
				"${BUILT_PRODUCTS_DIR}/Moya/Moya.framework",
				"${BUILT_PRODUCTS_DIR}/Result/Result.framework",
				"${BUILT_PRODUCTS_DIR}/SGPagingView/SGPagingView.framework",
				"${BUILT_PRODUCTS_DIR}/SnapKit/SnapKit.framework",
				"${BUILT_PRODUCTS_DIR}/SwiftyJSON/SwiftyJSON.framework",
				"${BUILT_PRODUCTS_DIR}/YYKit/YYKit.framework",
			);
			name = "[CP] Embed Pods Frameworks";
			outputPaths = (
				"${TARGET_BUILD_DIR}/${FRAMEWORKS_FOLDER_PATH}/Alamofire.framework",
				"${TARGET_BUILD_DIR}/${FRAMEWORKS_FOLDER_PATH}/HandyJSON.framework",
				"${TARGET_BUILD_DIR}/${FRAMEWORKS_FOLDER_PATH}/Kingfisher.framework",
				"${TARGET_BUILD_DIR}/${FRAMEWORKS_FOLDER_PATH}/MBProgressHUD.framework",
				"${TARGET_BUILD_DIR}/${FRAMEWORKS_FOLDER_PATH}/MJRefresh.framework",
				"${TARGET_BUILD_DIR}/${FRAMEWORKS_FOLDER_PATH}/Moya.framework",
				"${TARGET_BUILD_DIR}/${FRAMEWORKS_FOLDER_PATH}/Result.framework",
				"${TARGET_BUILD_DIR}/${FRAMEWORKS_FOLDER_PATH}/SGPagingView.framework",
				"${TARGET_BUILD_DIR}/${FRAMEWORKS_FOLDER_PATH}/SnapKit.framework",
				"${TARGET_BUILD_DIR}/${FRAMEWORKS_FOLDER_PATH}/SwiftyJSON.framework",
				"${TARGET_BUILD_DIR}/${FRAMEWORKS_FOLDER_PATH}/YYKit.framework",
			);
			runOnlyForDeploymentPostprocessing = 0;
			shellPath = /bin/sh;
			shellScript = "\"${SRCROOT}/Pods/Target Support Files/Pods-SwiftProject/Pods-SwiftProject-frameworks.sh\"\n";
			showEnvVarsInLog = 0;
		};
		821610C346CCA88C04EC8102 /* [CP] Check Pods Manifest.lock */ = {
			isa = PBXShellScriptBuildPhase;
			buildActionMask = 2147483647;
			files = (
			);
			inputPaths = (
				"${PODS_PODFILE_DIR_PATH}/Podfile.lock",
				"${PODS_ROOT}/Manifest.lock",
			);
			name = "[CP] Check Pods Manifest.lock";
			outputPaths = (
				"$(DERIVED_FILE_DIR)/Pods-SwiftProject-checkManifestLockResult.txt",
			);
			runOnlyForDeploymentPostprocessing = 0;
			shellPath = /bin/sh;
			shellScript = "diff \"${PODS_PODFILE_DIR_PATH}/Podfile.lock\" \"${PODS_ROOT}/Manifest.lock\" > /dev/null\nif [ $? != 0 ] ; then\n    # print error to STDERR\n    echo \"error: The sandbox is not in sync with the Podfile.lock. Run 'pod install' or update your CocoaPods installation.\" >&2\n    exit 1\nfi\n# This output is used by Xcode 'outputs' to avoid re-running this script phase.\necho \"SUCCESS\" > \"${SCRIPT_OUTPUT_FILE_0}\"\n";
			showEnvVarsInLog = 0;
		};
/* End PBXShellScriptBuildPhase section */

/* Begin PBXSourcesBuildPhase section */
		B596AABD213E539500C238EE /* Sources */ = {
			isa = PBXSourcesBuildPhase;
			buildActionMask = 2147483647;
			files = (
				B596AB5E213F6BF500C238EE /* HYHomeTableViewController.swift in Sources */,
				B596AB6F2140C21700C238EE /* HYHomeTableViewCell.swift in Sources */,
				B57959F621420FA90019A85A /* Reachability.swift in Sources */,
				B596AB69213FC4DB00C238EE /* UIView+Extension.swift in Sources */,
				B596AB15213E543900C238EE /* NSDictionary+HYBUnicodeReadable.m in Sources */,
				B596AB19213E543900C238EE /* API_Provider.swift in Sources */,
				B596AB16213E543900C238EE /* NSSet+HYBUnicodeReadable.m in Sources */,
				B596AB712140D28D00C238EE /* NewsModel.swift in Sources */,
				B596AB7321410BBE00C238EE /* HYNetworkModel.swift in Sources */,
				B596AB62213F811700C238EE /* TTRefreshHeader.swift in Sources */,
				B596AB25213E543900C238EE /* HYVideoViewController.swift in Sources */,
				B596AB1D213E543900C238EE /* HYBaseViewController.swift in Sources */,
				B57959F2214127E80019A85A /* JRToast.m in Sources */,
				B596AB12213E543900C238EE /* Const.swift in Sources */,
				B596AB21213E543900C238EE /* HYBaseNavController.swift in Sources */,
				B596AB14213E543900C238EE /* NSArray+HYBUnicodeReadable.m in Sources */,
				B596AB1A213E543900C238EE /* HttpRequest.swift in Sources */,
				B596AB2A213E543900C238EE /* HYLoginView.swift in Sources */,
				B596AB5A213E746800C238EE /* HYHomeNetworkTool.swift in Sources */,
				B596AB28213E543900C238EE /* HYUserModel.swift in Sources */,
				B596AB20213E543900C238EE /* HYBaseTableViewController.swift in Sources */,
				B596AB22213E543900C238EE /* HYBaseModel.swift in Sources */,
				B596AB2B213E543900C238EE /* AppDelegate.swift in Sources */,
				B596AB13213E543900C238EE /* WebApi.swift in Sources */,
				B596AB1E213E543900C238EE /* HYTabBarController.swift in Sources */,
				B57959EE214120310019A85A /* MBProgressHUD+Extension.swift in Sources */,
				B596AB1C213E543900C238EE /* HYBaseTableView.swift in Sources */,
				B596AB18213E543900C238EE /* ColorExtension.swift in Sources */,
				B596AB1F213E543900C238EE /* HYBaseWebViewController.swift in Sources */,
				B57959F82142565E0019A85A /* HYAppStoreApp.swift in Sources */,
				B596AB6D213FD08500C238EE /* UIImageView+Extension.swift in Sources */,
				B596AB24213E543900C238EE /* HYHomeRecommendVC.swift in Sources */,
				B596AB6B213FC72600C238EE /* NSDate+Extension.swift in Sources */,
				B596AB23213E543900C238EE /* HYHomeViewController.swift in Sources */,
				B596AB17213E543900C238EE /* Foundation+Log.m in Sources */,
				B596AB27213E543900C238EE /* HYMineViewController.swift in Sources */,
				B57959F421412FD10019A85A /* HYNetworkStateManager.swift in Sources */,
				B596AB26213E543900C238EE /* HYLoginViewController.swift in Sources */,
				B596AB5C213F684500C238EE /* HYHomeTitleModel.swift in Sources */,
			);
			runOnlyForDeploymentPostprocessing = 0;
		};
/* End PBXSourcesBuildPhase section */

/* Begin XCBuildConfiguration section */
		B596AAD1213E539700C238EE /* Debug */ = {
			isa = XCBuildConfiguration;
			buildSettings = {
				ALWAYS_SEARCH_USER_PATHS = NO;
				CLANG_ANALYZER_NONNULL = YES;
				CLANG_ANALYZER_NUMBER_OBJECT_CONVERSION = YES_AGGRESSIVE;
				CLANG_CXX_LANGUAGE_STANDARD = "gnu++14";
				CLANG_CXX_LIBRARY = "libc++";
				CLANG_ENABLE_MODULES = YES;
				CLANG_ENABLE_OBJC_ARC = YES;
				CLANG_ENABLE_OBJC_WEAK = YES;
				CLANG_WARN_BLOCK_CAPTURE_AUTORELEASING = YES;
				CLANG_WARN_BOOL_CONVERSION = YES;
				CLANG_WARN_COMMA = YES;
				CLANG_WARN_CONSTANT_CONVERSION = YES;
				CLANG_WARN_DEPRECATED_OBJC_IMPLEMENTATIONS = YES;
				CLANG_WARN_DIRECT_OBJC_ISA_USAGE = YES_ERROR;
				CLANG_WARN_DOCUMENTATION_COMMENTS = YES;
				CLANG_WARN_EMPTY_BODY = YES;
				CLANG_WARN_ENUM_CONVERSION = YES;
				CLANG_WARN_INFINITE_RECURSION = YES;
				CLANG_WARN_INT_CONVERSION = YES;
				CLANG_WARN_NON_LITERAL_NULL_CONVERSION = YES;
				CLANG_WARN_OBJC_IMPLICIT_RETAIN_SELF = YES;
				CLANG_WARN_OBJC_LITERAL_CONVERSION = YES;
				CLANG_WARN_OBJC_ROOT_CLASS = YES_ERROR;
				CLANG_WARN_RANGE_LOOP_ANALYSIS = YES;
				CLANG_WARN_STRICT_PROTOTYPES = YES;
				CLANG_WARN_SUSPICIOUS_MOVE = YES;
				CLANG_WARN_UNGUARDED_AVAILABILITY = YES_AGGRESSIVE;
				CLANG_WARN_UNREACHABLE_CODE = YES;
				CLANG_WARN__DUPLICATE_METHOD_MATCH = YES;
				CODE_SIGN_IDENTITY = "iPhone Developer";
				COPY_PHASE_STRIP = NO;
				DEBUG_INFORMATION_FORMAT = dwarf;
				ENABLE_STRICT_OBJC_MSGSEND = YES;
				ENABLE_TESTABILITY = YES;
				GCC_C_LANGUAGE_STANDARD = gnu11;
				GCC_DYNAMIC_NO_PIC = NO;
				GCC_NO_COMMON_BLOCKS = YES;
				GCC_OPTIMIZATION_LEVEL = 0;
				GCC_PREPROCESSOR_DEFINITIONS = (
					"DEBUG=1",
					"$(inherited)",
				);
				GCC_WARN_64_TO_32_BIT_CONVERSION = YES;
				GCC_WARN_ABOUT_RETURN_TYPE = YES_ERROR;
				GCC_WARN_UNDECLARED_SELECTOR = YES;
				GCC_WARN_UNINITIALIZED_AUTOS = YES_AGGRESSIVE;
				GCC_WARN_UNUSED_FUNCTION = YES;
				GCC_WARN_UNUSED_VARIABLE = YES;
				IPHONEOS_DEPLOYMENT_TARGET = 11.4;
				MTL_ENABLE_DEBUG_INFO = YES;
				ONLY_ACTIVE_ARCH = YES;
				SDKROOT = iphoneos;
				SWIFT_ACTIVE_COMPILATION_CONDITIONS = DEBUG;
				SWIFT_OPTIMIZATION_LEVEL = "-Onone";
			};
			name = Debug;
		};
		B596AAD2213E539700C238EE /* Release */ = {
			isa = XCBuildConfiguration;
			buildSettings = {
				ALWAYS_SEARCH_USER_PATHS = NO;
				CLANG_ANALYZER_NONNULL = YES;
				CLANG_ANALYZER_NUMBER_OBJECT_CONVERSION = YES_AGGRESSIVE;
				CLANG_CXX_LANGUAGE_STANDARD = "gnu++14";
				CLANG_CXX_LIBRARY = "libc++";
				CLANG_ENABLE_MODULES = YES;
				CLANG_ENABLE_OBJC_ARC = YES;
				CLANG_ENABLE_OBJC_WEAK = YES;
				CLANG_WARN_BLOCK_CAPTURE_AUTORELEASING = YES;
				CLANG_WARN_BOOL_CONVERSION = YES;
				CLANG_WARN_COMMA = YES;
				CLANG_WARN_CONSTANT_CONVERSION = YES;
				CLANG_WARN_DEPRECATED_OBJC_IMPLEMENTATIONS = YES;
				CLANG_WARN_DIRECT_OBJC_ISA_USAGE = YES_ERROR;
				CLANG_WARN_DOCUMENTATION_COMMENTS = YES;
				CLANG_WARN_EMPTY_BODY = YES;
				CLANG_WARN_ENUM_CONVERSION = YES;
				CLANG_WARN_INFINITE_RECURSION = YES;
				CLANG_WARN_INT_CONVERSION = YES;
				CLANG_WARN_NON_LITERAL_NULL_CONVERSION = YES;
				CLANG_WARN_OBJC_IMPLICIT_RETAIN_SELF = YES;
				CLANG_WARN_OBJC_LITERAL_CONVERSION = YES;
				CLANG_WARN_OBJC_ROOT_CLASS = YES_ERROR;
				CLANG_WARN_RANGE_LOOP_ANALYSIS = YES;
				CLANG_WARN_STRICT_PROTOTYPES = YES;
				CLANG_WARN_SUSPICIOUS_MOVE = YES;
				CLANG_WARN_UNGUARDED_AVAILABILITY = YES_AGGRESSIVE;
				CLANG_WARN_UNREACHABLE_CODE = YES;
				CLANG_WARN__DUPLICATE_METHOD_MATCH = YES;
				CODE_SIGN_IDENTITY = "iPhone Developer";
				COPY_PHASE_STRIP = NO;
				DEBUG_INFORMATION_FORMAT = "dwarf-with-dsym";
				ENABLE_NS_ASSERTIONS = NO;
				ENABLE_STRICT_OBJC_MSGSEND = YES;
				GCC_C_LANGUAGE_STANDARD = gnu11;
				GCC_NO_COMMON_BLOCKS = YES;
				GCC_WARN_64_TO_32_BIT_CONVERSION = YES;
				GCC_WARN_ABOUT_RETURN_TYPE = YES_ERROR;
				GCC_WARN_UNDECLARED_SELECTOR = YES;
				GCC_WARN_UNINITIALIZED_AUTOS = YES_AGGRESSIVE;
				GCC_WARN_UNUSED_FUNCTION = YES;
				GCC_WARN_UNUSED_VARIABLE = YES;
				IPHONEOS_DEPLOYMENT_TARGET = 11.4;
				MTL_ENABLE_DEBUG_INFO = NO;
				SDKROOT = iphoneos;
				SWIFT_COMPILATION_MODE = wholemodule;
				SWIFT_OPTIMIZATION_LEVEL = "-O";
				VALIDATE_PRODUCT = YES;
			};
			name = Release;
		};
		B596AAD4213E539700C238EE /* Debug */ = {
			isa = XCBuildConfiguration;
			baseConfigurationReference = 9AB9DA9CE8200EAE2BCDE3B1 /* Pods-SwiftProject.debug.xcconfig */;
			buildSettings = {
				ASSETCATALOG_COMPILER_APPICON_NAME = AppIcon;
				ASSETCATALOG_COMPILER_LAUNCHIMAGE_NAME = LaunchImage;
				CODE_SIGN_STYLE = Automatic;
				DEVELOPMENT_TEAM = 44G4TBW28S;
				INFOPLIST_FILE = "$(SRCROOT)/SwiftProject/AppDelegate/Info.plist";
				IPHONEOS_DEPLOYMENT_TARGET = 8.0;
				LD_RUNPATH_SEARCH_PATHS = (
					"$(inherited)",
					"@executable_path/Frameworks",
				);
				PRODUCT_BUNDLE_IDENTIFIER = com.dun.SwiftProject;
				PRODUCT_NAME = "$(TARGET_NAME)";
				SWIFT_OBJC_BRIDGING_HEADER = "${SRCROOT}/SwiftProject/Config/SwiftProject-Bridging-Header.h";
				SWIFT_VERSION = 4.0;
				TARGETED_DEVICE_FAMILY = "1,2";
			};
			name = Debug;
		};
		B596AAD5213E539700C238EE /* Release */ = {
			isa = XCBuildConfiguration;
			baseConfigurationReference = 977BC7B3F445CD0C266D5177 /* Pods-SwiftProject.release.xcconfig */;
			buildSettings = {
				ASSETCATALOG_COMPILER_APPICON_NAME = AppIcon;
				ASSETCATALOG_COMPILER_LAUNCHIMAGE_NAME = LaunchImage;
				CODE_SIGN_STYLE = Automatic;
				DEVELOPMENT_TEAM = 44G4TBW28S;
				INFOPLIST_FILE = "$(SRCROOT)/SwiftProject/AppDelegate/Info.plist";
				IPHONEOS_DEPLOYMENT_TARGET = 8.0;
				LD_RUNPATH_SEARCH_PATHS = (
					"$(inherited)",
					"@executable_path/Frameworks",
				);
				PRODUCT_BUNDLE_IDENTIFIER = com.dun.SwiftProject;
				PRODUCT_NAME = "$(TARGET_NAME)";
				SWIFT_OBJC_BRIDGING_HEADER = "${SRCROOT}/SwiftProject/Config/SwiftProject-Bridging-Header.h";
				SWIFT_VERSION = 4.0;
				TARGETED_DEVICE_FAMILY = "1,2";
			};
			name = Release;
		};
/* End XCBuildConfiguration section */

/* Begin XCConfigurationList section */
		B596AABC213E539500C238EE /* Build configuration list for PBXProject "SwiftProject" */ = {
			isa = XCConfigurationList;
			buildConfigurations = (
				B596AAD1213E539700C238EE /* Debug */,
				B596AAD2213E539700C238EE /* Release */,
			);
			defaultConfigurationIsVisible = 0;
			defaultConfigurationName = Release;
		};
		B596AAD3213E539700C238EE /* Build configuration list for PBXNativeTarget "SwiftProject" */ = {
			isa = XCConfigurationList;
			buildConfigurations = (
				B596AAD4213E539700C238EE /* Debug */,
				B596AAD5213E539700C238EE /* Release */,
			);
			defaultConfigurationIsVisible = 0;
			defaultConfigurationName = Release;
		};
/* End XCConfigurationList section */
	};
	rootObject = B596AAB9213E539500C238EE /* Project object */;
}
